<?xml version="1.0" encoding="utf-8"?>
<Project ToolsVersion="4.0" xmlns="http://schemas.microsoft.com/developer/msbuild/2003">
  <ItemGroup>
    <Filter Include="Commands">
      <UniqueIdentifier>{04be0994-b62d-4170-a3bb-eb64b84986a0}</UniqueIdentifier>
    </Filter>
    <Filter Include="Components">
      <UniqueIdentifier>{4a0282e0-3f01-4e5e-a62d-33e11755fc14}</UniqueIdentifier>
    </Filter>
    <Filter Include="Observers">
      <UniqueIdentifier>{ba214ba6-4ab0-49d8-b95e-c38884867508}</UniqueIdentifier>
    </Filter>
    <Filter Include="Entry">
      <UniqueIdentifier>{b65c9a0a-2fbb-4b1d-b4b6-3bae946595fe}</UniqueIdentifier>
    </Filter>
    <Filter Include="JSON">
      <UniqueIdentifier>{dd5975f6-55ed-496d-8259-e6a7959b92c4}</UniqueIdentifier>
    </Filter>
    <Filter Include="Enemies">
      <UniqueIdentifier>{2f83427d-4091-4593-9b8e-7a122d17b249}</UniqueIdentifier>
    </Filter>
  </ItemGroup>
  <ItemGroup>
    <ClCompile Include="Sandbox.cpp">
      <Filter>Entry</Filter>
    </ClCompile>
    <ClCompile Include="FpsComponent.cpp">
      <Filter>Components</Filter>
    </ClCompile>
    <ClCompile Include="PlayerComponent.cpp">
      <Filter>Components</Filter>
    </ClCompile>
    <ClCompile Include="Lives.cpp">
      <Filter>Observers</Filter>
    </ClCompile>
    <ClCompile Include="LivesDisplay.cpp">
      <Filter>Observers</Filter>
    </ClCompile>
    <ClCompile Include="ScoreManager.cpp">
      <Filter>Observers</Filter>
    </ClCompile>
    <ClCompile Include="ScoreDisplay.cpp">
      <Filter>Observers</Filter>
    </ClCompile>
    <ClCompile Include="JsonHelper.cpp">
      <Filter>JSON</Filter>
    </ClCompile>
    <ClCompile Include="PrefabFactoryClass.cpp">
      <Filter>Entry</Filter>
    </ClCompile>
    <ClCompile Include="HighScoreComponent.cpp">
      <Filter>Components</Filter>
    </ClCompile>
    <ClCompile Include="DigDugComponent.cpp">
      <Filter>Components</Filter>
    </ClCompile>
    <ClCompile Include="PookaComponent.cpp">
      <Filter>Enemies</Filter>
    </ClCompile>
    <ClCompile Include="FygarComponent.cpp">
      <Filter>Enemies</Filter>
    </ClCompile>
    <ClCompile Include="EnemyComponent.cpp">
      <Filter>Enemies</Filter>
    </ClCompile>
    <ClCompile Include="PumpComponent.cpp">
      <Filter>Components</Filter>
    </ClCompile>
    <ClCompile Include="FireComponent.cpp">
      <Filter>Enemies</Filter>
    </ClCompile>
    <ClCompile Include="RockComponent.cpp">
      <Filter>Enemies</Filter>
    </ClCompile>
  </ItemGroup>
  <ItemGroup>
    <ClInclude Include="SandboxCommands.h">
      <Filter>Commands</Filter>
    </ClInclude>
    <ClInclude Include="FpsComponent.h">
      <Filter>Components</Filter>
    </ClInclude>
    <ClInclude Include="PlayerComponent.h">
      <Filter>Components</Filter>
    </ClInclude>
    <ClInclude Include="Lives.h">
      <Filter>Observers</Filter>
    </ClInclude>
    <ClInclude Include="LivesDisplay.h">
      <Filter>Observers</Filter>
    </ClInclude>
    <ClInclude Include="ScoreManager.h">
      <Filter>Observers</Filter>
    </ClInclude>
    <ClInclude Include="ScoreDisplay.h">
      <Filter>Observers</Filter>
    </ClInclude>
    <ClInclude Include="PrefabFactoryClass.h">
      <Filter>Entry</Filter>
    </ClInclude>
    <ClInclude Include="JsonHelper.h">
      <Filter>JSON</Filter>
    </ClInclude>
    <ClInclude Include="HighScoreComponent.h">
      <Filter>Components</Filter>
    </ClInclude>
    <ClInclude Include="DigDugComponent.h">
      <Filter>Components</Filter>
    </ClInclude>
    <ClInclude Include="PookaComponent.h">
      <Filter>Enemies</Filter>
    </ClInclude>
    <ClInclude Include="FygarComponent.h">
      <Filter>Enemies</Filter>
    </ClInclude>
    <ClInclude Include="EnemyComponent.h">
      <Filter>Enemies</Filter>
    </ClInclude>
    <ClInclude Include="PumpComponent.h">
      <Filter>Components</Filter>
    </ClInclude>
    <ClInclude Include="FireComponent.h">
      <Filter>Enemies</Filter>
    </ClInclude>
    <ClInclude Include="RockComponent.h">
      <Filter>Enemies</Filter>
    </ClInclude>
  </ItemGroup>
</Project>